// !$*UTF8*$!
{
	archiveVersion = 1;
	classes = {
	};
	objectVersion = 56;
	objects = {

/* Begin PBXBuildFile section */
		C609E0FC29BE020A00FE4055 /* ChatsansarApp.swift in Sources */ = {isa = PBXBuildFile; fileRef = C609E0FB29BE020A00FE4055 /* ChatsansarApp.swift */; };
		C609E0FE29BE020A00FE4055 /* ContentView.swift in Sources */ = {isa = PBXBuildFile; fileRef = C609E0FD29BE020A00FE4055 /* ContentView.swift */; };
		C609E10029BE020B00FE4055 /* Assets.xcassets in Resources */ = {isa = PBXBuildFile; fileRef = C609E0FF29BE020B00FE4055 /* Assets.xcassets */; };
		C609E10329BE020B00FE4055 /* Preview Assets.xcassets in Resources */ = {isa = PBXBuildFile; fileRef = C609E10229BE020B00FE4055 /* Preview Assets.xcassets */; };
		C609E10D29BE020B00FE4055 /* ChatsansarTests.swift in Sources */ = {isa = PBXBuildFile; fileRef = C609E10C29BE020B00FE4055 /* ChatsansarTests.swift */; };
		C609E11729BE020B00FE4055 /* ChatsansarUITests.swift in Sources */ = {isa = PBXBuildFile; fileRef = C609E11629BE020B00FE4055 /* ChatsansarUITests.swift */; };
		C609E11929BE020B00FE4055 /* ChatsansarUITestsLaunchTests.swift in Sources */ = {isa = PBXBuildFile; fileRef = C609E11829BE020B00FE4055 /* ChatsansarUITestsLaunchTests.swift */; };
		C609E12629BE027F00FE4055 /* ViewController.swift in Sources */ = {isa = PBXBuildFile; fileRef = C609E12529BE027F00FE4055 /* ViewController.swift */; };
/* End PBXBuildFile section */

/* Begin PBXContainerItemProxy section */
		C609E10929BE020B00FE4055 /* PBXContainerItemProxy */ = {
			isa = PBXContainerItemProxy;
			containerPortal = C609E0F029BE020A00FE4055 /* Project object */;
			proxyType = 1;
			remoteGlobalIDString = C609E0F729BE020A00FE4055;
			remoteInfo = Chatsansar;
		};
		C609E11329BE020B00FE4055 /* PBXContainerItemProxy */ = {
			isa = PBXContainerItemProxy;
			containerPortal = C609E0F029BE020A00FE4055 /* Project object */;
			proxyType = 1;
			remoteGlobalIDString = C609E0F729BE020A00FE4055;
			remoteInfo = Chatsansar;
		};
/* End PBXContainerItemProxy section */

/* Begin PBXFileReference section */
		C609E0F829BE020A00FE4055 /* Chatsansar.app */ = {isa = PBXFileReference; explicitFileType = wrapper.application; includeInIndex = 0; path = Chatsansar.app; sourceTree = BUILT_PRODUCTS_DIR; };
		C609E0FB29BE020A00FE4055 /* ChatsansarApp.swift */ = {isa = PBXFileReference; lastKnownFileType = sourcecode.swift; path = ChatsansarApp.swift; sourceTree = "<group>"; };
		C609E0FD29BE020A00FE4055 /* ContentView.swift */ = {isa = PBXFileReference; lastKnownFileType = sourcecode.swift; path = ContentView.swift; sourceTree = "<group>"; };
		C609E0FF29BE020B00FE4055 /* Assets.xcassets */ = {isa = PBXFileReference; lastKnownFileType = folder.assetcatalog; path = Assets.xcassets; sourceTree = "<group>"; };
		C609E10229BE020B00FE4055 /* Preview Assets.xcassets */ = {isa = PBXFileReference; lastKnownFileType = folder.assetcatalog; path = "Preview Assets.xcassets"; sourceTree = "<group>"; };
		C609E10829BE020B00FE4055 /* ChatsansarTests.xctest */ = {isa = PBXFileReference; explicitFileType = wrapper.cfbundle; includeInIndex = 0; path = ChatsansarTests.xctest; sourceTree = BUILT_PRODUCTS_DIR; };
		C609E10C29BE020B00FE4055 /* ChatsansarTests.swift */ = {isa = PBXFileReference; lastKnownFileType = sourcecode.swift; path = ChatsansarTests.swift; sourceTree = "<group>"; };
		C609E11229BE020B00FE4055 /* ChatsansarUITests.xctest */ = {isa = PBXFileReference; explicitFileType = wrapper.cfbundle; includeInIndex = 0; path = ChatsansarUITests.xctest; sourceTree = BUILT_PRODUCTS_DIR; };
		C609E11629BE020B00FE4055 /* ChatsansarUITests.swift */ = {isa = PBXFileReference; lastKnownFileType = sourcecode.swift; path = ChatsansarUITests.swift; sourceTree = "<group>"; };
		C609E11829BE020B00FE4055 /* ChatsansarUITestsLaunchTests.swift */ = {isa = PBXFileReference; lastKnownFileType = sourcecode.swift; path = ChatsansarUITestsLaunchTests.swift; sourceTree = "<group>"; };
		C609E12529BE027F00FE4055 /* ViewController.swift */ = {isa = PBXFileReference; lastKnownFileType = sourcecode.swift; path = ViewController.swift; sourceTree = "<group>"; };
/* End PBXFileReference section */

/* Begin PBXFrameworksBuildPhase section */
		C609E0F529BE020A00FE4055 /* Frameworks */ = {
			isa = PBXFrameworksBuildPhase;
			buildActionMask = 2147483647;
			files = (
			);
			runOnlyForDeploymentPostprocessing = 0;
		};
		C609E10529BE020B00FE4055 /* Frameworks */ = {
			isa = PBXFrameworksBuildPhase;
			buildActionMask = 2147483647;
			files = (
			);
			runOnlyForDeploymentPostprocessing = 0;
		};
		C609E10F29BE020B00FE4055 /* Frameworks */ = {
			isa = PBXFrameworksBuildPhase;
			buildActionMask = 2147483647;
			files = (
			);
			runOnlyForDeploymentPostprocessing = 0;
		};
/* End PBXFrameworksBuildPhase section */

/* Begin PBXGroup section */
		C609E0EF29BE020A00FE4055 = {
			isa = PBXGroup;
			children = (
				C609E0FA29BE020A00FE4055 /* Chatsansar */,
				C609E10B29BE020B00FE4055 /* ChatsansarTests */,
				C609E11529BE020B00FE4055 /* ChatsansarUITests */,
				C609E0F929BE020A00FE4055 /* Products */,
			);
			sourceTree = "<group>";
		};
		C609E0F929BE020A00FE4055 /* Products */ = {
			isa = PBXGroup;
			children = (
				C609E0F829BE020A00FE4055 /* Chatsansar.app */,
				C609E10829BE020B00FE4055 /* ChatsansarTests.xctest */,
				C609E11229BE020B00FE4055 /* ChatsansarUITests.xctest */,
			);
			name = Products;
			sourceTree = "<group>";
		};
		C609E0FA29BE020A00FE4055 /* Chatsansar */ = {
			isa = PBXGroup;
			children = (
				C609E0FB29BE020A00FE4055 /* ChatsansarApp.swift */,
				C609E12529BE027F00FE4055 /* ViewController.swift */,
				C609E0FD29BE020A00FE4055 /* ContentView.swift */,
				C609E0FF29BE020B00FE4055 /* Assets.xcassets */,
				C609E10129BE020B00FE4055 /* Preview Content */,
			);
			path = Chatsansar;
			sourceTree = "<group>";
		};
		C609E10129BE020B00FE4055 /* Preview Content */ = {
			isa = PBXGroup;
			children = (
				C609E10229BE020B00FE4055 /* Preview Assets.xcassets */,
			);
			path = "Preview Content";
			sourceTree = "<group>";
		};
		C609E10B29BE020B00FE4055 /* ChatsansarTests */ = {
			isa = PBXGroup;
			children = (
				C609E10C29BE020B00FE4055 /* ChatsansarTests.swift */,
			);
			path = ChatsansarTests;
			sourceTree = "<group>";
		};
		C609E11529BE020B00FE4055 /* ChatsansarUITests */ = {
			isa = PBXGroup;
			children = (
				C609E11629BE020B00FE4055 /* ChatsansarUITests.swift */,
				C609E11829BE020B00FE4055 /* ChatsansarUITestsLaunchTests.swift */,
			);
			path = ChatsansarUITests;
			sourceTree = "<group>";
		};
/* End PBXGroup section */

/* Begin PBXNativeTarget section */
		C609E0F729BE020A00FE4055 /* Chatsansar */ = {
			isa = PBXNativeTarget;
			buildConfigurationList = C609E11C29BE020B00FE4055 /* Build configuration list for PBXNativeTarget "Chatsansar" */;
			buildPhases = (
				C609E0F429BE020A00FE4055 /* Sources */,
				C609E0F529BE020A00FE4055 /* Frameworks */,
				C609E0F629BE020A00FE4055 /* Resources */,
			);
			buildRules = (
			);
			dependencies = (
			);
			name = Chatsansar;
			productName = Chatsansar;
			productReference = C609E0F829BE020A00FE4055 /* Chatsansar.app */;
			productType = "com.apple.product-type.application";
		};
		C609E10729BE020B00FE4055 /* ChatsansarTests */ = {
			isa = PBXNativeTarget;
			buildConfigurationList = C609E11F29BE020B00FE4055 /* Build configuration list for PBXNativeTarget "ChatsansarTests" */;
			buildPhases = (
				C609E10429BE020B00FE4055 /* Sources */,
				C609E10529BE020B00FE4055 /* Frameworks */,
				C609E10629BE020B00FE4055 /* Resources */,
			);
			buildRules = (
			);
			dependencies = (
				C609E10A29BE020B00FE4055 /* PBXTargetDependency */,
			);
			name = ChatsansarTests;
			productName = ChatsansarTests;
			productReference = C609E10829BE020B00FE4055 /* ChatsansarTests.xctest */;
			productType = "com.apple.product-type.bundle.unit-test";
		};
		C609E11129BE020B00FE4055 /* ChatsansarUITests */ = {
			isa = PBXNativeTarget;
			buildConfigurationList = C609E12229BE020B00FE4055 /* Build configuration list for PBXNativeTarget "ChatsansarUITests" */;
			buildPhases = (
				C609E10E29BE020B00FE4055 /* Sources */,
				C609E10F29BE020B00FE4055 /* Frameworks */,
				C609E11029BE020B00FE4055 /* Resources */,
			);
			buildRules = (
			);
			dependencies = (
				C609E11429BE020B00FE4055 /* PBXTargetDependency */,
			);
			name = ChatsansarUITests;
			productName = ChatsansarUITests;
			productReference = C609E11229BE020B00FE4055 /* ChatsansarUITests.xctest */;
			productType = "com.apple.product-type.bundle.ui-testing";
		};
/* End PBXNativeTarget section */

/* Begin PBXProject section */
		C609E0F029BE020A00FE4055 /* Project object */ = {
			isa = PBXProject;
			attributes = {
				BuildIndependentTargetsInParallel = 1;
				LastSwiftUpdateCheck = 1420;
				LastUpgradeCheck = 1420;
				TargetAttributes = {
					C609E0F729BE020A00FE4055 = {
						CreatedOnToolsVersion = 14.2;
					};
					C609E10729BE020B00FE4055 = {
						CreatedOnToolsVersion = 14.2;
						TestTargetID = C609E0F729BE020A00FE4055;
					};
					C609E11129BE020B00FE4055 = {
						CreatedOnToolsVersion = 14.2;
						TestTargetID = C609E0F729BE020A00FE4055;
					};
				};
			};
			buildConfigurationList = C609E0F329BE020A00FE4055 /* Build configuration list for PBXProject "Chatsansar" */;
			compatibilityVersion = "Xcode 14.0";
			developmentRegion = en;
			hasScannedForEncodings = 0;
			knownRegions = (
				en,
				Base,
			);
			mainGroup = C609E0EF29BE020A00FE4055;
			productRefGroup = C609E0F929BE020A00FE4055 /* Products */;
			projectDirPath = "";
			projectRoot = "";
			targets = (
				C609E0F729BE020A00FE4055 /* Chatsansar */,
				C609E10729BE020B00FE4055 /* ChatsansarTests */,
				C609E11129BE020B00FE4055 /* ChatsansarUITests */,
			);
		};
/* End PBXProject section */

/* Begin PBXResourcesBuildPhase section */
		C609E0F629BE020A00FE4055 /* Resources */ = {
			isa = PBXResourcesBuildPhase;
			buildActionMask = 2147483647;
			files = (
				C609E10329BE020B00FE4055 /* Preview Assets.xcassets in Resources */,
				C609E10029BE020B00FE4055 /* Assets.xcassets in Resources */,
			);
			runOnlyForDeploymentPostprocessing = 0;
		};
		C609E10629BE020B00FE4055 /* Resources */ = {
			isa = PBXResourcesBuildPhase;
			buildActionMask = 2147483647;
			files = (
			);
			runOnlyForDeploymentPostprocessing = 0;
		};
		C609E11029BE020B00FE4055 /* Resources */ = {
			isa = PBXResourcesBuildPhase;
			buildActionMask = 2147483647;
			files = (
			);
			runOnlyForDeploymentPostprocessing = 0;
		};
/* End PBXResourcesBuildPhase section */

/* Begin PBXSourcesBuildPhase section */
		C609E0F429BE020A00FE4055 /* Sources */ = {
			isa = PBXSourcesBuildPhase;
			buildActionMask = 2147483647;
			files = (
				C609E12629BE027F00FE4055 /* ViewController.swift in Sources */,
				C609E0FE29BE020A00FE4055 /* ContentView.swift in Sources */,
				C609E0FC29BE020A00FE4055 /* ChatsansarApp.swift in Sources */,
			);
			runOnlyForDeploymentPostprocessing = 0;
		};
		C609E10429BE020B00FE4055 /* Sources */ = {
			isa = PBXSourcesBuildPhase;
			buildActionMask = 2147483647;
			files = (
				C609E10D29BE020B00FE4055 /* ChatsansarTests.swift in Sources */,
			);
			runOnlyForDeploymentPostprocessing = 0;
		};
		C609E10E29BE020B00FE4055 /* Sources */ = {
			isa = PBXSourcesBuildPhase;
			buildActionMask = 2147483647;
			files = (
				C609E11929BE020B00FE4055 /* ChatsansarUITestsLaunchTests.swift in Sources */,
				C609E11729BE020B00FE4055 /* ChatsansarUITests.swift in Sources */,
			);
			runOnlyForDeploymentPostprocessing = 0;
		};
/* End PBXSourcesBuildPhase section */

/* Begin PBXTargetDependency section */
		C609E10A29BE020B00FE4055 /* PBXTargetDependency */ = {
			isa = PBXTargetDependency;
			target = C609E0F729BE020A00FE4055 /* Chatsansar */;
			targetProxy = C609E10929BE020B00FE4055 /* PBXContainerItemProxy */;
		};
		C609E11429BE020B00FE4055 /* PBXTargetDependency */ = {
			isa = PBXTargetDependency;
			target = C609E0F729BE020A00FE4055 /* Chatsansar */;
			targetProxy = C609E11329BE020B00FE4055 /* PBXContainerItemProxy */;
		};
/* End PBXTargetDependency section */

/* Begin XCBuildConfiguration section */
		C609E11A29BE020B00FE4055 /* Debug */ = {
			isa = XCBuildConfiguration;
			buildSettings = {
				ALWAYS_SEARCH_USER_PATHS = NO;
				CLANG_ANALYZER_NONNULL = YES;
				CLANG_ANALYZER_NUMBER_OBJECT_CONVERSION = YES_AGGRESSIVE;
				CLANG_CXX_LANGUAGE_STANDARD = "gnu++20";
				CLANG_ENABLE_MODULES = YES;
				CLANG_ENABLE_OBJC_ARC = YES;
				CLANG_ENABLE_OBJC_WEAK = YES;
				CLANG_WARN_BLOCK_CAPTURE_AUTORELEASING = YES;
				CLANG_WARN_BOOL_CONVERSION = YES;
				CLANG_WARN_COMMA = YES;
				CLANG_WARN_CONSTANT_CONVERSION = YES;
				CLANG_WARN_DEPRECATED_OBJC_IMPLEMENTATIONS = YES;
				CLANG_WARN_DIRECT_OBJC_ISA_USAGE = YES_ERROR;
				CLANG_WARN_DOCUMENTATION_COMMENTS = YES;
				CLANG_WARN_EMPTY_BODY = YES;
				CLANG_WARN_ENUM_CONVERSION = YES;
				CLANG_WARN_INFINITE_RECURSION = YES;
				CLANG_WARN_INT_CONVERSION = YES;
				CLANG_WARN_NON_LITERAL_NULL_CONVERSION = YES;
				CLANG_WARN_OBJC_IMPLICIT_RETAIN_SELF = YES;
				CLANG_WARN_OBJC_LITERAL_CONVERSION = YES;
				CLANG_WARN_OBJC_ROOT_CLASS = YES_ERROR;
				CLANG_WARN_QUOTED_INCLUDE_IN_FRAMEWORK_HEADER = YES;
				CLANG_WARN_RANGE_LOOP_ANALYSIS = YES;
				CLANG_WARN_STRICT_PROTOTYPES = YES;
				CLANG_WARN_SUSPICIOUS_MOVE = YES;
				CLANG_WARN_UNGUARDED_AVAILABILITY = YES_AGGRESSIVE;
				CLANG_WARN_UNREACHABLE_CODE = YES;
				CLANG_WARN__DUPLICATE_METHOD_MATCH = YES;
				COPY_PHASE_STRIP = NO;
				DEBUG_INFORMATION_FORMAT = dwarf;
				ENABLE_STRICT_OBJC_MSGSEND = YES;
				ENABLE_TESTABILITY = YES;
				GCC_C_LANGUAGE_STANDARD = gnu11;
				GCC_DYNAMIC_NO_PIC = NO;
				GCC_NO_COMMON_BLOCKS = YES;
				GCC_OPTIMIZATION_LEVEL = 0;
				GCC_PREPROCESSOR_DEFINITIONS = (
					"DEBUG=1",
					"$(inherited)",
				);
				GCC_WARN_64_TO_32_BIT_CONVERSION = YES;
				GCC_WARN_ABOUT_RETURN_TYPE = YES_ERROR;
				GCC_WARN_UNDECLARED_SELECTOR = YES;
				GCC_WARN_UNINITIALIZED_AUTOS = YES_AGGRESSIVE;
				GCC_WARN_UNUSED_FUNCTION = YES;
				GCC_WARN_UNUSED_VARIABLE = YES;
				IPHONEOS_DEPLOYMENT_TARGET = 16.2;
				MTL_ENABLE_DEBUG_INFO = INCLUDE_SOURCE;
				MTL_FAST_MATH = YES;
				ONLY_ACTIVE_ARCH = YES;
				SDKROOT = iphoneos;
				SWIFT_ACTIVE_COMPILATION_CONDITIONS = DEBUG;
				SWIFT_OPTIMIZATION_LEVEL = "-Onone";
			};
			name = Debug;
		};
		C609E11B29BE020B00FE4055 /* Release */ = {
			isa = XCBuildConfiguration;
			buildSettings = {
				ALWAYS_SEARCH_USER_PATHS = NO;
				CLANG_ANALYZER_NONNULL = YES;
				CLANG_ANALYZER_NUMBER_OBJECT_CONVERSION = YES_AGGRESSIVE;
				CLANG_CXX_LANGUAGE_STANDARD = "gnu++20";
				CLANG_ENABLE_MODULES = YES;
				CLANG_ENABLE_OBJC_ARC = YES;
				CLANG_ENABLE_OBJC_WEAK = YES;
				CLANG_WARN_BLOCK_CAPTURE_AUTORELEASING = YES;
				CLANG_WARN_BOOL_CONVERSION = YES;
				CLANG_WARN_COMMA = YES;
				CLANG_WARN_CONSTANT_CONVERSION = YES;
				CLANG_WARN_DEPRECATED_OBJC_IMPLEMENTATIONS = YES;
				CLANG_WARN_DIRECT_OBJC_ISA_USAGE = YES_ERROR;
				CLANG_WARN_DOCUMENTATION_COMMENTS = YES;
				CLANG_WARN_EMPTY_BODY = YES;
				CLANG_WARN_ENUM_CONVERSION = YES;
				CLANG_WARN_INFINITE_RECURSION = YES;
				CLANG_WARN_INT_CONVERSION = YES;
				CLANG_WARN_NON_LITERAL_NULL_CONVERSION = YES;
				CLANG_WARN_OBJC_IMPLICIT_RETAIN_SELF = YES;
				CLANG_WARN_OBJC_LITERAL_CONVERSION = YES;
				CLANG_WARN_OBJC_ROOT_CLASS = YES_ERROR;
				CLANG_WARN_QUOTED_INCLUDE_IN_FRAMEWORK_HEADER = YES;
				CLANG_WARN_RANGE_LOOP_ANALYSIS = YES;
				CLANG_WARN_STRICT_PROTOTYPES = YES;
				CLANG_WARN_SUSPICIOUS_MOVE = YES;
				CLANG_WARN_UNGUARDED_AVAILABILITY = YES_AGGRESSIVE;
				CLANG_WARN_UNREACHABLE_CODE = YES;
				CLANG_WARN__DUPLICATE_METHOD_MATCH = YES;
				COPY_PHASE_STRIP = NO;
				DEBUG_INFORMATION_FORMAT = "dwarf-with-dsym";
				ENABLE_NS_ASSERTIONS = NO;
				ENABLE_STRICT_OBJC_MSGSEND = YES;
				GCC_C_LANGUAGE_STANDARD = gnu11;
				GCC_NO_COMMON_BLOCKS = YES;
				GCC_WARN_64_TO_32_BIT_CONVERSION = YES;
				GCC_WARN_ABOUT_RETURN_TYPE = YES_ERROR;
				GCC_WARN_UNDECLARED_SELECTOR = YES;
				GCC_WARN_UNINITIALIZED_AUTOS = YES_AGGRESSIVE;
				GCC_WARN_UNUSED_FUNCTION = YES;
				GCC_WARN_UNUSED_VARIABLE = YES;
				IPHONEOS_DEPLOYMENT_TARGET = 16.2;
				MTL_ENABLE_DEBUG_INFO = NO;
				MTL_FAST_MATH = YES;
				SDKROOT = iphoneos;
				SWIFT_COMPILATION_MODE = wholemodule;
				SWIFT_OPTIMIZATION_LEVEL = "-O";
				VALIDATE_PRODUCT = YES;
			};
			name = Release;
		};
		C609E11D29BE020B00FE4055 /* Debug */ = {
			isa = XCBuildConfiguration;
			buildSettings = {
				ASSETCATALOG_COMPILER_APPICON_NAME = AppIcon;
				ASSETCATALOG_COMPILER_GLOBAL_ACCENT_COLOR_NAME = AccentColor;
				CODE_SIGN_STYLE = Automatic;
				CURRENT_PROJECT_VERSION = 1;
				DEVELOPMENT_ASSET_PATHS = "\"Chatsansar/Preview Content\"";
				ENABLE_PREVIEWS = YES;
				GENERATE_INFOPLIST_FILE = YES;
				INFOPLIST_KEY_UIApplicationSceneManifest_Generation = YES;
				INFOPLIST_KEY_UIApplicationSupportsIndirectInputEvents = YES;
				INFOPLIST_KEY_UILaunchScreen_Generation = YES;
				INFOPLIST_KEY_UISupportedInterfaceOrientations_iPad = "UIInterfaceOrientationPortrait UIInterfaceOrientationPortraitUpsideDown UIInterfaceOrientationLandscapeLeft UIInterfaceOrientationLandscapeRight";
				INFOPLIST_KEY_UISupportedInterfaceOrientations_iPhone = "UIInterfaceOrientationPortrait UIInterfaceOrientationLandscapeLeft UIInterfaceOrientationLandscapeRight";
				LD_RUNPATH_SEARCH_PATHS = (
					"$(inherited)",
					"@executable_path/Frameworks",
				);
				MARKETING_VERSION = 1.0;
				PRODUCT_BUNDLE_IDENTIFIER = Nepal.Chatsansar;
				PRODUCT_NAME = "$(TARGET_NAME)";
				SWIFT_EMIT_LOC_STRINGS = YES;
				SWIFT_VERSION = 5.0;
				TARGETED_DEVICE_FAMILY = "1,2";
			};
			name = Debug;
		};
		C609E11E29BE020B00FE4055 /* Release */ = {
			isa = XCBuildConfiguration;
			buildSettings = {
				ASSETCATALOG_COMPILER_APPICON_NAME = AppIcon;
				ASSETCATALOG_COMPILER_GLOBAL_ACCENT_COLOR_NAME = AccentColor;
				CODE_SIGN_STYLE = Automatic;
				CURRENT_PROJECT_VERSION = 1;
				DEVELOPMENT_ASSET_PATHS = "\"Chatsansar/Preview Content\"";
				ENABLE_PREVIEWS = YES;
				GENERATE_INFOPLIST_FILE = YES;
				INFOPLIST_KEY_UIApplicationSceneManifest_Generation = YES;
				INFOPLIST_KEY_UIApplicationSupportsIndirectInputEvents = YES;
				INFOPLIST_KEY_UILaunchScreen_Generation = YES;
				INFOPLIST_KEY_UISupportedInterfaceOrientations_iPad = "UIInterfaceOrientationPortrait UIInterfaceOrientationPortraitUpsideDown UIInterfaceOrientationLandscapeLeft UIInterfaceOrientationLandscapeRight";
				INFOPLIST_KEY_UISupportedInterfaceOrientations_iPhone = "UIInterfaceOrientationPortrait UIInterfaceOrientationLandscapeLeft UIInterfaceOrientationLandscapeRight";
				LD_RUNPATH_SEARCH_PATHS = (
					"$(inherited)",
					"@executable_path/Frameworks",
				);
				MARKETING_VERSION = 1.0;
				PRODUCT_BUNDLE_IDENTIFIER = Nepal.Chatsansar;
				PRODUCT_NAME = "$(TARGET_NAME)";
				SWIFT_EMIT_LOC_STRINGS = YES;
				SWIFT_VERSION = 5.0;
				TARGETED_DEVICE_FAMILY = "1,2";
			};
			name = Release;
		};
		C609E12029BE020B00FE4055 /* Debug */ = {
			isa = XCBuildConfiguration;
			buildSettings = {
				ALWAYS_EMBED_SWIFT_STANDARD_LIBRARIES = YES;
				BUNDLE_LOADER = "$(TEST_HOST)";
				CODE_SIGN_STYLE = Automatic;
				CURRENT_PROJECT_VERSION = 1;
				GENERATE_INFOPLIST_FILE = YES;
				IPHONEOS_DEPLOYMENT_TARGET = 16.2;
				MARKETING_VERSION = 1.0;
				PRODUCT_BUNDLE_IDENTIFIER = Nepal.ChatsansarTests;
				PRODUCT_NAME = "$(TARGET_NAME)";
				SWIFT_EMIT_LOC_STRINGS = NO;
				SWIFT_VERSION = 5.0;
				TARGETED_DEVICE_FAMILY = "1,2";
				TEST_HOST = "$(BUILT_PRODUCTS_DIR)/Chatsansar.app/$(BUNDLE_EXECUTABLE_FOLDER_PATH)/Chatsansar";
			};
			name = Debug;
		};
		C609E12129BE020B00FE4055 /* Release */ = {
			isa = XCBuildConfiguration;
			buildSettings = {
				ALWAYS_EMBED_SWIFT_STANDARD_LIBRARIES = YES;
				BUNDLE_LOADER = "$(TEST_HOST)";
				CODE_SIGN_STYLE = Automatic;
				CURRENT_PROJECT_VERSION = 1;
				GENERATE_INFOPLIST_FILE = YES;
				IPHONEOS_DEPLOYMENT_TARGET = 16.2;
				MARKETING_VERSION = 1.0;
				PRODUCT_BUNDLE_IDENTIFIER = Nepal.ChatsansarTests;
				PRODUCT_NAME = "$(TARGET_NAME)";
				SWIFT_EMIT_LOC_STRINGS = NO;
				SWIFT_VERSION = 5.0;
				TARGETED_DEVICE_FAMILY = "1,2";
				TEST_HOST = "$(BUILT_PRODUCTS_DIR)/Chatsansar.app/$(BUNDLE_EXECUTABLE_FOLDER_PATH)/Chatsansar";
			};
			name = Release;
		};
		C609E12329BE020B00FE4055 /* Debug */ = {
			isa = XCBuildConfiguration;
			buildSettings = {
				ALWAYS_EMBED_SWIFT_STANDARD_LIBRARIES = YES;
				CODE_SIGN_STYLE = Automatic;
				CURRENT_PROJECT_VERSION = 1;
				GENERATE_INFOPLIST_FILE = YES;
				MARKETING_VERSION = 1.0;
				PRODUCT_BUNDLE_IDENTIFIER = Nepal.ChatsansarUITests;
				PRODUCT_NAME = "$(TARGET_NAME)";
				SWIFT_EMIT_LOC_STRINGS = NO;
				SWIFT_VERSION = 5.0;
				TARGETED_DEVICE_FAMILY = "1,2";
				TEST_TARGET_NAME = Chatsansar;
			};
			name = Debug;
		};
		C609E12429BE020B00FE4055 /* Release */ = {
			isa = XCBuildConfiguration;
			buildSettings = {
				ALWAYS_EMBED_SWIFT_STANDARD_LIBRARIES = YES;
				CODE_SIGN_STYLE = Automatic;
				CURRENT_PROJECT_VERSION = 1;
				GENERATE_INFOPLIST_FILE = YES;
				MARKETING_VERSION = 1.0;
				PRODUCT_BUNDLE_IDENTIFIER = Nepal.ChatsansarUITests;
				PRODUCT_NAME = "$(TARGET_NAME)";
				SWIFT_EMIT_LOC_STRINGS = NO;
				SWIFT_VERSION = 5.0;
				TARGETED_DEVICE_FAMILY = "1,2";
				TEST_TARGET_NAME = Chatsansar;
			};
			name = Release;
		};
/* End XCBuildConfiguration section */

/* Begin XCConfigurationList section */
		C609E0F329BE020A00FE4055 /* Build configuration list for PBXProject "Chatsansar" */ = {
			isa = XCConfigurationList;
			buildConfigurations = (
				C609E11A29BE020B00FE4055 /* Debug */,
				C609E11B29BE020B00FE4055 /* Release */,
			);
			defaultConfigurationIsVisible = 0;
			defaultConfigurationName = Release;
		};
		C609E11C29BE020B00FE4055 /* Build configuration list for PBXNativeTarget "Chatsansar" */ = {
			isa = XCConfigurationList;
			buildConfigurations = (
				C609E11D29BE020B00FE4055 /* Debug */,
				C609E11E29BE020B00FE4055 /* Release */,
			);
			defaultConfigurationIsVisible = 0;
			defaultConfigurationName = Release;
		};
		C609E11F29BE020B00FE4055 /* Build configuration list for PBXNativeTarget "ChatsansarTests" */ = {
			isa = XCConfigurationList;
			buildConfigurations = (
				C609E12029BE020B00FE4055 /* Debug */,
				C609E12129BE020B00FE4055 /* Release */,
			);
			defaultConfigurationIsVisible = 0;
			defaultConfigurationName = Release;
		};
		C609E12229BE020B00FE4055 /* Build configuration list for PBXNativeTarget "ChatsansarUITests" */ = {
			isa = XCConfigurationList;
			buildConfigurations = (
				C609E12329BE020B00FE4055 /* Debug */,
				C609E12429BE020B00FE4055 /* Release */,
			);
			defaultConfigurationIsVisible = 0;
			defaultConfigurationName = Release;
		};
/* End XCConfigurationList section */
	};
	rootObject = C609E0F029BE020A00FE4055 /* Project object */;
}
